
Microsoft Visual Studio Solution File, Format Version 12.00
# Visual Studio Version 16
VisualStudioVersion = 16.0.31624.102
MinimumVisualStudioVersion = 10.0.40219.1
Project("{8BC9CEB8-8B4A-11D0-8D11-00A0C91BC942}") = "MultipleInheritance11DZ", "MultipleInheritance11DZ\MultipleInheritance11DZ.vcxproj", "{9A052B7E-3EC4-4838-970D-90D3FEF284C9}"
EndProject
Global
	GlobalSection(SolutionConfigurationPlatforms) = preSolution
		Debug|x64 = Debug|x64
		Debug|x86 = Debug|x86
		Release|x64 = Release|x64
		Release|x86 = Release|x86
	EndGlobalSection
	GlobalSection(ProjectConfigurationPlatforms) = postSolution
		{9A052B7E-3EC4-4838-970D-90D3FEF284C9}.Debug|x64.ActiveCfg = Debug|x64
		{9A052B7E-3EC4-4838-970D-90D3FEF284C9}.Debug|x64.Build.0 = Debug|x64
		{9A052B7E-3EC4-4838-970D-90D3FEF284C9}.Debug|x86.ActiveCfg = Debug|Win32
		{9A052B7E-3EC4-4838-970D-90D3FEF284C9}.Debug|x86.Build.0 = Debug|Win32
		{9A052B7E-3EC4-4838-970D-90D3FEF284C9}.Release|x64.ActiveCfg = Release|x64
		{9A052B7E-3EC4-4838-970D-90D3FEF284C9}.Release|x64.Build.0 = Release|x64
		{9A052B7E-3EC4-4838-970D-90D3FEF284C9}.Release|x86.ActiveCfg = Release|Win32
		{9A052B7E-3EC4-4838-970D-90D3FEF284C9}.Release|x86.Build.0 = Release|Win32
	EndGlobalSection
	GlobalSection(SolutionProperties) = preSolution
		HideSolutionNode = FALSE
	EndGlobalSection
	GlobalSection(ExtensibilityGlobals) = postSolution
		SolutionGuid = {E3B670EF-8885-4D4E-93AB-8CDFBF3AB71A}
	EndGlobalSection
EndGlobal
